
Microsoft Visual Studio Solution File, Format Version 12.00
# Visual Studio Version 17
VisualStudioVersion = 17.7.34009.444
MinimumVisualStudioVersion = 10.0.40219.1
Project("{FAE04EC0-301F-11D3-BF4B-00C04F79EFBC}") = "JWTService.API", "JWTService.API\JWTService.API.csproj", "{CC4E4050-6857-4A93-B19C-B043D0F590C1}"
EndProject
Project("{FAE04EC0-301F-11D3-BF4B-00C04F79EFBC}") = "JWTService.BLL", "JWTService.BLL\JWTService.BLL.csproj", "{B2874A30-4022-47C4-BFF7-98ED957D1CDE}"
EndProject
Project("{FAE04EC0-301F-11D3-BF4B-00C04F79EFBC}") = "JWTService.DAL", "JWTService.DAL\JWTService.DAL.csproj", "{5348567A-230B-44DD-90ED-388ED81570A9}"
EndProject
Global
	GlobalSection(SolutionConfigurationPlatforms) = preSolution
		Debug|Any CPU = Debug|Any CPU
		Release|Any CPU = Release|Any CPU
	EndGlobalSection
	GlobalSection(ProjectConfigurationPlatforms) = postSolution
		{CC4E4050-6857-4A93-B19C-B043D0F590C1}.Debug|Any CPU.ActiveCfg = Debug|Any CPU
		{CC4E4050-6857-4A93-B19C-B043D0F590C1}.Debug|Any CPU.Build.0 = Debug|Any CPU
		{CC4E4050-6857-4A93-B19C-B043D0F590C1}.Release|Any CPU.ActiveCfg = Release|Any CPU
		{CC4E4050-6857-4A93-B19C-B043D0F590C1}.Release|Any CPU.Build.0 = Release|Any CPU
		{B2874A30-4022-47C4-BFF7-98ED957D1CDE}.Debug|Any CPU.ActiveCfg = Debug|Any CPU
		{B2874A30-4022-47C4-BFF7-98ED957D1CDE}.Debug|Any CPU.Build.0 = Debug|Any CPU
		{B2874A30-4022-47C4-BFF7-98ED957D1CDE}.Release|Any CPU.ActiveCfg = Release|Any CPU
		{B2874A30-4022-47C4-BFF7-98ED957D1CDE}.Release|Any CPU.Build.0 = Release|Any CPU
		{5348567A-230B-44DD-90ED-388ED81570A9}.Debug|Any CPU.ActiveCfg = Debug|Any CPU
		{5348567A-230B-44DD-90ED-388ED81570A9}.Debug|Any CPU.Build.0 = Debug|Any CPU
		{5348567A-230B-44DD-90ED-388ED81570A9}.Release|Any CPU.ActiveCfg = Release|Any CPU
		{5348567A-230B-44DD-90ED-388ED81570A9}.Release|Any CPU.Build.0 = Release|Any CPU
	EndGlobalSection
	GlobalSection(SolutionProperties) = preSolution
		HideSolutionNode = FALSE
	EndGlobalSection
	GlobalSection(ExtensibilityGlobals) = postSolution
		SolutionGuid = {A9BBC379-A8C4-49C8-A2A8-BB1444FB5AD0}
	EndGlobalSection
EndGlobal
